version = 1
revision = 3
requires-python = ">=3.11"

[[package]]
name = "anyio"
version = "4.12.0"
source = { registry = "https://pypi.org/simple" }
dependencies = [
    { name = "idna" },
    { name = "typing-extensions", marker = "python_full_version < '3.13'" },
]
sdist = { url = "https://files.pythonhosted.org/packages/16/ce/8a777047513153587e5434fd752e89334ac33e379aa3497db860eeb60377/anyio-4.12.0.tar.gz", hash = "sha256:73c693b567b0c55130c104d0b43a9baf3aa6a31fc6110116509f27bf75e21ec0", size = 228266, upload-time = "2025-11-28T23:37:38.911Z" }
wheels = [
    { url = "https://files.pythonhosted.org/packages/7f/9c/36c5c37947ebfb8c7f22e0eb6e4d188ee2d53aa3880f3f2744fb894f0cb1/anyio-4.12.0-py3-none-any.whl", hash = "sha256:dad2376a628f98eeca4881fc56cd06affd18f659b17a747d3ff0307ced94b1bb", size = 113362, upload-time = "2025-11-28T23:36:57.897Z" },
]

[[package]]
name = "bibtexparser"
version = "1.4.3"
source = { registry = "https://pypi.org/simple" }
dependencies = [
    { name = "pyparsing" },
]
sdist = { url = "https://files.pythonhosted.org/packages/92/8d/e296c7af03757debd8fc80df2898cbed4fb69fc61ed2c9b4a1d42e923a9e/bibtexparser-1.4.3.tar.gz", hash = "sha256:a9c7ded64bc137720e4df0b1b7f12734edc1361185f1c9097048ff7c35af2b8f", size = 55582, upload-time = "2024-12-19T20:41:57.754Z" }

[[package]]
name = "calibre-to-zotero"
version = "0.1.0"
source = { virtual = "." }
dependencies = [
    { name = "pyzotero" },
]

[package.metadata]
requires-dist = [{ name = "pyzotero", specifier = ">=1.7.5" }]

[[package]]
name = "certifi"
version = "2025.11.12"
source = { registry = "https://pypi.org/simple" }
sdist = { url = "https://files.pythonhosted.org/packages/a2/8c/58f469717fa48465e4a50c014a0400602d3c437d7c0c468e17ada824da3a/certifi-2025.11.12.tar.gz", hash = "sha256:d8ab5478f2ecd78af242878415affce761ca6bc54a22a27e026d7c25357c3316", size = 160538, upload-time = "2025-11-12T02:54:51.517Z" }
wheels = [
    { url = "https://files.pythonhosted.org/packages/70/7d/9bc192684cea499815ff478dfcdc13835ddf401365057044fb721ec6bddb/certifi-2025.11.12-py3-none-any.whl", hash = "sha256:97de8790030bbd5c2d96b7ec782fc2f7820ef8dba6db909ccf95449f2d062d4b", size = 159438, upload-time = "2025-11-12T02:54:49.735Z" },
]

[[package]]
name = "feedparser"
version = "6.0.12"
source = { registry = "https://pypi.org/simple" }
dependencies = [
    { name = "sgmllib3k" },
]
sdist = { url = "https://files.pythonhosted.org/packages/dc/79/db7edb5e77d6dfbc54d7d9df72828be4318275b2e580549ff45a962f6461/feedparser-6.0.12.tar.gz", hash = "sha256:64f76ce90ae3e8ef5d1ede0f8d3b50ce26bcce71dd8ae5e82b1cd2d4a5f94228", size = 286579, upload-time = "2025-09-10T13:33:59.486Z" }
wheels = [
    { url = "https://files.pythonhosted.org/packages/4e/eb/c96d64137e29ae17d83ad2552470bafe3a7a915e85434d9942077d7fd011/feedparser-6.0.12-py3-none-any.whl", hash = "sha256:6bbff10f5a52662c00a2e3f86a38928c37c48f77b3c511aedcd51de933549324", size = 81480, upload-time = "2025-09-10T13:33:58.022Z" },
]

[[package]]
name = "h11"
version = "0.16.0"
source = { registry = "https://pypi.org/simple" }
sdist = { url = "https://files.pythonhosted.org/packages/01/ee/02a2c011bdab74c6fb3c75474d40b3052059d95df7e73351460c8588d963/h11-0.16.0.tar.gz", hash = "sha256:4e35b956cf45792e4caa5885e69fba00bdbc6ffafbfa020300e549b208ee5ff1", size = 101250, upload-time = "2025-04-24T03:35:25.427Z" }
wheels = [
    { url = "https://files.pythonhosted.org/packages/04/4b/29cac41a4d98d144bf5f6d33995617b185d14b22401f75ca86f384e87ff1/h11-0.16.0-py3-none-any.whl", hash = "sha256:63cf8bbe7522de3bf65932fda1d9c2772064ffb3dae62d55932da54b31cb6c86", size = 37515, upload-time = "2025-04-24T03:35:24.344Z" },
]

[[package]]
name = "httpcore"
version = "1.0.9"
source = { registry = "https://pypi.org/simple" }
dependencies = [
    { name = "certifi" },
    { name = "h11" },
]
sdist = { url = "https://files.pythonhosted.org/packages/06/94/82699a10bca87a5556c9c59b5963f2d039dbd239f25bc2a63907a05a14cb/httpcore-1.0.9.tar.gz", hash = "sha256:6e34463af53fd2ab5d807f399a9b45ea31c3dfa2276f15a2c3f00afff6e176e8", size = 85484, upload-time = "2025-04-24T22:06:22.219Z" }
wheels = [
    { url = "https://files.pythonhosted.org/packages/7e/f5/f66802a942d491edb555dd61e3a9961140fd64c90bce1eafd741609d334d/httpcore-1.0.9-py3-none-any.whl", hash = "sha256:2d400746a40668fc9dec9810239072b40b4484b640a8c38fd654a024c7a1bf55", size = 78784, upload-time = "2025-04-24T22:06:20.566Z" },
]

[[package]]
name = "httpx"
version = "0.28.1"
source = { registry = "https://pypi.org/simple" }
dependencies = [
    { name = "anyio" },
    { name = "certifi" },
    { name = "httpcore" },
    { name = "idna" },
]
sdist = { url = "https://files.pythonhosted.org/packages/b1/df/48c586a5fe32a0f01324ee087459e112ebb7224f646c0b5023f5e79e9956/httpx-0.28.1.tar.gz", hash = "sha256:75e98c5f16b0f35b567856f597f06ff2270a374470a5c2392242528e3e3e42fc", size = 141406, upload-time = "2024-12-06T15:37:23.222Z" }
wheels = [
    { url = "https://files.pythonhosted.org/packages/2a/39/e50c7c3a983047577ee07d2a9e53faf5a69493943ec3f6a384bdc792deb2/httpx-0.28.1-py3-none-any.whl", hash = "sha256:d909fcccc110f8c7faf814ca82a9a4d816bc5a6dbfea25d6591d6985b8ba59ad", size = 73517, upload-time = "2024-12-06T15:37:21.509Z" },
]

[[package]]
name = "idna"
version = "3.11"
source = { registry = "https://pypi.org/simple" }
sdist = { url = "https://files.pythonhosted.org/packages/6f/6d/0703ccc57f3a7233505399edb88de3cbd678da106337b9fcde432b65ed60/idna-3.11.tar.gz", hash = "sha256:795dafcc9c04ed0c1fb032c2aa73654d8e8c5023a7df64a53f39190ada629902", size = 194582, upload-time = "2025-10-12T14:55:20.501Z" }
wheels = [
    { url = "https://files.pythonhosted.org/packages/0e/61/66938bbb5fc52dbdf84594873d5b51fb1f7c7794e9c0f5bd885f30bc507b/idna-3.11-py3-none-any.whl", hash = "sha256:771a87f49d9defaf64091e6e6fe9c18d4833f140bd19464795bc32d966ca37ea", size = 71008, upload-time = "2025-10-12T14:55:18.883Z" },
]

[[package]]
name = "pyparsing"
version = "3.2.5"
source = { registry = "https://pypi.org/simple" }
sdist = { url = "https://files.pythonhosted.org/packages/f2/a5/181488fc2b9d093e3972d2a472855aae8a03f000592dbfce716a512b3359/pyparsing-3.2.5.tar.gz", hash = "sha256:2df8d5b7b2802ef88e8d016a2eb9c7aeaa923529cd251ed0fe4608275d4105b6", size = 1099274, upload-time = "2025-09-21T04:11:06.277Z" }
wheels = [
    { url = "https://files.pythonhosted.org/packages/10/5e/1aa9a93198c6b64513c9d7752de7422c06402de6600a8767da1524f9570b/pyparsing-3.2.5-py3-none-any.whl", hash = "sha256:e38a4f02064cf41fe6593d328d0512495ad1f3d8a91c4f73fc401b3079a59a5e", size = 113890, upload-time = "2025-09-21T04:11:04.117Z" },
]

[[package]]
name = "pyzotero"
version = "1.7.5"
source = { registry = "https://pypi.org/simple" }
dependencies = [
    { name = "bibtexparser" },
    { name = "feedparser" },
    { name = "httpx" },
    { name = "whenever" },
]
sdist = { url = "https://files.pythonhosted.org/packages/04/22/fc2f27dded9d090ebda7f50f7f1673ba30bdce878e0c627c1b0a2d2b6e0d/pyzotero-1.7.5.tar.gz", hash = "sha256:4284d1de4a1e9afb07102af29ba835c44486088bbbea5e7362f29a7924df587e", size = 532915, upload-time = "2025-11-10T08:06:29.14Z" }
wheels = [
    { url = "https://files.pythonhosted.org/packages/2a/fe/0a3fd590703b1b3ef3704f21e05749bb6e3218a65baa20210ca2beb7302f/pyzotero-1.7.5-py3-none-any.whl", hash = "sha256:07fb5c706548fb7a0fc691bc2ef8006d1b7ce3a0f31f970d4b73f38adc8f9981", size = 30330, upload-time = "2025-11-10T08:06:27.094Z" },
]

[[package]]
name = "sgmllib3k"
version = "1.0.0"
source = { registry = "https://pypi.org/simple" }
sdist = { url = "https://files.pythonhosted.org/packages/9e/bd/3704a8c3e0942d711c1299ebf7b9091930adae6675d7c8f476a7ce48653c/sgmllib3k-1.0.0.tar.gz", hash = "sha256:7868fb1c8bfa764c1ac563d3cf369c381d1325d36124933a726f29fcdaa812e9", size = 5750, upload-time = "2010-08-24T14:33:52.445Z" }

[[package]]
name = "typing-extensions"
version = "4.15.0"
source = { registry = "https://pypi.org/simple" }
sdist = { url = "https://files.pythonhosted.org/packages/72/94/1a15dd82efb362ac84269196e94cf00f187f7ed21c242792a923cdb1c61f/typing_extensions-4.15.0.tar.gz", hash = "sha256:0cea48d173cc12fa28ecabc3b837ea3cf6f38c6d1136f85cbaaf598984861466", size = 109391, upload-time = "2025-08-25T13:49:26.313Z" }
wheels = [
    { url = "https://files.pythonhosted.org/packages/18/67/36e9267722cc04a6b9f15c7f3441c2363321a3ea07da7ae0c0707beb2a9c/typing_extensions-4.15.0-py3-none-any.whl", hash = "sha256:f0fa19c6845758ab08074a0cfa8b7aecb71c999ca73d62883bc25cc018c4e548", size = 44614, upload-time = "2025-08-25T13:49:24.86Z" },
]

[[package]]
name = "tzdata"
version = "2025.2"
source = { registry = "https://pypi.org/simple" }
sdist = { url = "https://files.pythonhosted.org/packages/95/32/1a225d6164441be760d75c2c42e2780dc0873fe382da3e98a2e1e48361e5/tzdata-2025.2.tar.gz", hash = "sha256:b60a638fcc0daffadf82fe0f57e53d06bdec2f36c4df66280ae79bce6bd6f2b9", size = 196380, upload-time = "2025-03-23T13:54:43.652Z" }
wheels = [
    { url = "https://files.pythonhosted.org/packages/5c/23/c7abc0ca0a1526a0774eca151daeb8de62ec457e77262b66b359c3c7679e/tzdata-2025.2-py2.py3-none-any.whl", hash = "sha256:1a403fada01ff9221ca8044d701868fa132215d84beb92242d9acd2147f667a8", size = 347839, upload-time = "2025-03-23T13:54:41.845Z" },
]

[[package]]
name = "tzlocal"
version = "5.3.1"
source = { registry = "https://pypi.org/simple" }
dependencies = [
    { name = "tzdata", marker = "sys_platform == 'win32'" },
]
sdist = { url = "https://files.pythonhosted.org/packages/8b/2e/c14812d3d4d9cd1773c6be938f89e5735a1f11a9f184ac3639b93cef35d5/tzlocal-5.3.1.tar.gz", hash = "sha256:cceffc7edecefea1f595541dbd6e990cb1ea3d19bf01b2809f362a03dd7921fd", size = 30761, upload-time = "2025-03-05T21:17:41.549Z" }
wheels = [
    { url = "https://files.pythonhosted.org/packages/c2/14/e2a54fabd4f08cd7af1c07030603c3356b74da07f7cc056e600436edfa17/tzlocal-5.3.1-py3-none-any.whl", hash = "sha256:eb1a66c3ef5847adf7a834f1be0800581b683b5608e74f86ecbcef8ab91bb85d", size = 18026, upload-time = "2025-03-05T21:17:39.857Z" },
]

[[package]]
name = "whenever"
version = "0.9.3"
source = { registry = "https://pypi.org/simple" }
dependencies = [
    { name = "tzdata", marker = "sys_platform == 'win32'" },
    { name = "tzlocal", marker = "sys_platform != 'darwin' and sys_platform != 'linux'" },
]
sdist = { url = "https://files.pythonhosted.org/packages/87/ae/dcbfee50237cedca9153cac045dff6d93b81886f44f82c86493856592d55/whenever-0.9.3.tar.gz", hash = "sha256:22e6f8366767ab3c8be6d9e21a27bc56be2e50f0f2c66d78e8ee86497b579f1a", size = 256933, upload-time = "2025-10-16T19:44:40.832Z" }
wheels = [
    { url = "https://files.pythonhosted.org/packages/68/d2/d5ec93c18bf7941e24ca0bbaea83e7fe949925c9dfefd0c0c974cfd14033/whenever-0.9.3-cp311-cp311-macosx_10_12_x86_64.whl", hash = "sha256:5b45fed5d7b1d250a65adac5cdba76e7826fdaed0bd86cd971d4c4580b8d7f39", size = 453958, upload-time = "2025-10-16T19:44:13.491Z" },
    { url = "https://files.pythonhosted.org/packages/8f/1c/32f797adc6e08823de1f7fa7127bda6829c511d0398c63779f2ceb042d46/whenever-0.9.3-cp311-cp311-macosx_11_0_arm64.whl", hash = "sha256:cca6cb3dcf468ee9272656dc36c58fccd0aecbb712b832883bc8656526a0204b", size = 428760, upload-time = "2025-10-16T19:44:04.17Z" },
    { url = "https://files.pythonhosted.org/packages/4c/d5/7eca3de5afdda2001b362590a2ad5fd81c67fe137bc25b132a7616310cf3/whenever-0.9.3-cp311-cp311-manylinux_2_17_aarch64.manylinux2014_aarch64.whl", hash = "sha256:28afd900b8d03d2b869f3f9ce87514ad24a2d9c34dadaa25b1e152f25d48b9b3", size = 446721, upload-time = "2025-10-16T19:42:36.828Z" },
    { url = "https://files.pythonhosted.org/packages/98/55/111b783c618d5981221a8cb4644ed2f3c88ffb3064cf00131a1e7b04b352/whenever-0.9.3-cp311-cp311-manylinux_2_17_armv7l.manylinux2014_armv7l.whl", hash = "sha256:fc82660604b32da4acfc8420ea8f31a3e3d8db8dd7e5143fe6d6ecb9692d711b", size = 493709, upload-time = "2025-10-16T19:42:54.877Z" },
    { url = "https://files.pythonhosted.org/packages/39/56/6af7250d703472797c8beb64f8cb47f1460f846323d19630bde56d905fe6/whenever-0.9.3-cp311-cp311-manylinux_2_17_ppc64le.manylinux2014_ppc64le.whl", hash = "sha256:494543bc5e2611ca0c26ed09237a53bbeb2bb4e436e4f394dd4062c81437ef7c", size = 486891, upload-time = "2025-10-16T19:43:11.518Z" },
    { url = "https://files.pythonhosted.org/packages/4f/98/c191ae42233f5e24fde44c8af99b94b85043a9897aa08b33ff56175f7c6a/whenever-0.9.3-cp311-cp311-manylinux_2_17_s390x.manylinux2014_s390x.whl", hash = "sha256:f5b1b3e2be72fcd7e69f521496a07cea53cecc14d5f89338be5acb7467eb7ee8", size = 518413, upload-time = "2025-10-16T19:43:21.039Z" },
    { url = "https://files.pythonhosted.org/packages/e4/e4/7ac1bae8cdaf57992907d20f82ddad31f20f3ee6ad844096bf222bd68e06/whenever-0.9.3-cp311-cp311-manylinux_2_17_x86_64.manylinux2014_x86_64.whl", hash = "sha256:54c10e7df9604445bfb995d530fcb20426abff11c62f2ddb2070a773fa84024a", size = 476086, upload-time = "2025-10-16T19:43:46.655Z" },
    { url = "https://files.pythonhosted.org/packages/50/68/8752608f9b1537f53efcb26b51ce91ed1af484b2200b8f3449f77cc92269/whenever-0.9.3-cp311-cp311-manylinux_2_5_i686.manylinux1_i686.whl", hash = "sha256:e454ba998fe76700a27876abd5f5853bdf1fffaf473cc32266337be159d4a2f1", size = 515959, upload-time = "2025-10-16T19:43:28.096Z" },
    { url = "https://files.pythonhosted.org/packages/b0/8e/6b97e953b7fcc5860c3adec95ecec305a3c1c4dddee5077b8376095f57b3/whenever-0.9.3-cp311-cp311-musllinux_1_2_aarch64.whl", hash = "sha256:8a2057df801c5cde52f8085daf2e2c0258855e3c43f1da9e9b1317324a8838d4", size = 625384, upload-time = "2025-10-16T19:42:46.973Z" },
    { url = "https://files.pythonhosted.org/packages/2f/90/e809ea1823a3d29fe3376784e9b4f149a7a0af8446e1cd89b288bc88a9b7/whenever-0.9.3-cp311-cp311-musllinux_1_2_armv7l.whl", hash = "sha256:1cfd5163430dda6d42f8b12eada04929b1f3d5870c25bea5317538339023c128", size = 758268, upload-time = "2025-10-16T19:43:03.076Z" },
    { url = "https://files.pythonhosted.org/packages/65/bf/486fca04803f6287e9edb115df2e5c64c1cf45dba359f1356d34c4be43bc/whenever-0.9.3-cp311-cp311-musllinux_1_2_i686.whl", hash = "sha256:1ffcd9af38e831536923e8e6098a2d76dbd20162cb8db7b45ce5ca4d410ddff7", size = 687802, upload-time = "2025-10-16T19:43:37.231Z" },
    { url = "https://files.pythonhosted.org/packages/2a/3a/b42534446c2206ac23ec5637fbb49e9f321b898ab2df41f4fbebc7fa78f3/whenever-0.9.3-cp311-cp311-musllinux_1_2_x86_64.whl", hash = "sha256:597bf8de3b733113fbbee9de73df5b7d6b769a748ce464e658bbb44353e9118e", size = 647517, upload-time = "2025-10-16T19:43:55.335Z" },
    { url = "https://files.pythonhosted.org/packages/99/dd/5986bbadab9331015b8faf201d3b714ef27b8d019583eeee62f3fd7ceafb/whenever-0.9.3-cp311-cp311-win32.whl", hash = "sha256:a15fb8a5f19abd52e335f0e8df9f8a927ba083df88a5b8934d571fd6790565af", size = 411040, upload-time = "2025-10-16T19:44:22.52Z" },
    { url = "https://files.pythonhosted.org/packages/68/2d/afef2553cd6f59fc1afda2a479b712cbffa11aad59654572d9c38f9be4a8/whenever-0.9.3-cp311-cp311-win_amd64.whl", hash = "sha256:8f16329fb6d731b0b5390b3c24f0df14fe3901da5696b81f7df94095e10e5888", size = 421511, upload-time = "2025-10-16T19:44:31.989Z" },
    { url = "https://files.pythonhosted.org/packages/88/56/19151e09accc454e9d3af3c183f9e83eac779cdf62a8fde82eb02a12b8a6/whenever-0.9.3-cp312-cp312-macosx_10_12_x86_64.whl", hash = "sha256:35902760c5fb839e9f7d574320197b9c060e19248ab9d411532a97a9753f5ba2", size = 457300, upload-time = "2025-10-16T19:44:14.712Z" },
    { url = "https://files.pythonhosted.org/packages/fb/bd/29dbc6a394ab252c86b62e791163f1656d89969b84a59a2b8323164f8726/whenever-0.9.3-cp312-cp312-macosx_11_0_arm64.whl", hash = "sha256:1e2bc94d2a55d19bec63cf7b573f611a98cc3e1f2c8c27f7260ba33a637c3625", size = 430001, upload-time = "2025-10-16T19:44:05.347Z" },
    { url = "https://files.pythonhosted.org/packages/f4/ee/fdfa8327870ae76bbcf4745103f662319902aae258c7ebb8ab27f7323d76/whenever-0.9.3-cp312-cp312-manylinux_2_17_aarch64.manylinux2014_aarch64.whl", hash = "sha256:c79fc178f3f1cd3e0ff5f7c916f149777b27946848f0560f98da4f852bd4e7af", size = 447861, upload-time = "2025-10-16T19:42:37.753Z" },
    { url = "https://files.pythonhosted.org/packages/05/e6/74e64b36c5acf24b932d925bbc2553ea193ff7270d20d14a087d0aaee135/whenever-0.9.3-cp312-cp312-manylinux_2_17_armv7l.manylinux2014_armv7l.whl", hash = "sha256:e7e5143c42d4ce08e41a17f489906a3051b4ae6bc078fdea5f6afe40dfd79f28", size = 495184, upload-time = "2025-10-16T19:42:55.832Z" },
    { url = "https://files.pythonhosted.org/packages/fa/07/6b2db04cfed92d7436f88756b6eed1933f5bc705d152be84293931eef4a3/whenever-0.9.3-cp312-cp312-manylinux_2_17_ppc64le.manylinux2014_ppc64le.whl", hash = "sha256:025c854c5c7890d2ff63360b652b6aa8524064737e9eb1a1959665160783fa31", size = 489191, upload-time = "2025-10-16T19:43:13.847Z" },
    { url = "https://files.pythonhosted.org/packages/82/91/120ccbf16f73d125a1fafcf13b64d8216af4103c3302175f9e0d07c92e4f/whenever-0.9.3-cp312-cp312-manylinux_2_17_s390x.manylinux2014_s390x.whl", hash = "sha256:d9fd530bcfa08fcb6fcfe23f375ead43cbebdf598685ca8e6ee97efbcb60f880", size = 519736, upload-time = "2025-10-16T19:43:22.131Z" },
    { url = "https://files.pythonhosted.org/packages/ac/d1/b7a9f87bf8025e3b4a32e0cc2aeb689ae6e1f146f30f9c0e91bcb2d4b507/whenever-0.9.3-cp312-cp312-manylinux_2_17_x86_64.manylinux2014_x86_64.whl", hash = "sha256:c7d260b914c10ad546a01fbda0468517b1ec9354d82f87e50a6604b91ab28260", size = 478997, upload-time = "2025-10-16T19:43:48.713Z" },
    { url = "https://files.pythonhosted.org/packages/f2/74/a3f501a6350d953dbaf3828607f1271e5816c586e533778efe88291c0153/whenever-0.9.3-cp312-cp312-manylinux_2_5_i686.manylinux1_i686.whl", hash = "sha256:013d9473732fc1c22963e4ab9e3afdb85d2d4d3e2f214e2e31276c7c8316765b", size = 517904, upload-time = "2025-10-16T19:43:30.12Z" },
    { url = "https://files.pythonhosted.org/packages/15/cd/de5419b18c87487c8eb90481d06f1e0480287785eb7c7e28a47fe2f7bcce/whenever-0.9.3-cp312-cp312-musllinux_1_2_aarch64.whl", hash = "sha256:88d78b132137fbcf06816cb54770677cf2a3f8a40d0b51b1883fd7f818f6818f", size = 626363, upload-time = "2025-10-16T19:42:48.096Z" },
    { url = "https://files.pythonhosted.org/packages/0b/02/7320e6122546b02f672a263923cdaf6318dc71b517a0ac06948d86a08523/whenever-0.9.3-cp312-cp312-musllinux_1_2_armv7l.whl", hash = "sha256:2ae4fbb9dfab3fc82e2208376704d3b424c6535d8ed084bdf867d5a31d1fcadd", size = 759913, upload-time = "2025-10-16T19:43:04.655Z" },
    { url = "https://files.pythonhosted.org/packages/f9/af/a815f41928a79552d6f150ab2b5f60b238efc09c4d8300880cc0374eee9a/whenever-0.9.3-cp312-cp312-musllinux_1_2_i686.whl", hash = "sha256:7ae6ecdc9dbd29af9e61083ff35f7a67aaf26576f697df5ba33f4b7e4cb51506", size = 690294, upload-time = "2025-10-16T19:43:38.657Z" },
    { url = "https://files.pythonhosted.org/packages/91/5e/d87ac0249463ac5aa4116c14acdea22434a87f9caf276c7bb670489af405/whenever-0.9.3-cp312-cp312-musllinux_1_2_x86_64.whl", hash = "sha256:93cca15708bc6000d95d8b67965bd0608ee0647e59ca41edac1750db06956ee5", size = 650029, upload-time = "2025-10-16T19:43:56.904Z" },
    { url = "https://files.pythonhosted.org/packages/9a/fb/ef281a857028feecfa8b6eff6c00048fc6fe1f554f4b1acb40967e38650b/whenever-0.9.3-cp312-cp312-win32.whl", hash = "sha256:7881dca812308d511aaf2381e5e5308bffad58d10b99dbf832b5eb2ace9492e8", size = 414098, upload-time = "2025-10-16T19:44:23.832Z" },
    { url = "https://files.pythonhosted.org/packages/86/11/b3ef6abac121ecf0ac98a5e02e05297c3a90fd9c6b99556adb75e2befed9/whenever-0.9.3-cp312-cp312-win_amd64.whl", hash = "sha256:7ba1c2ad8e8b61f01ca90505258a924f79f2f63911c17e12e739af457859f347", size = 422870, upload-time = "2025-10-16T19:44:33.378Z" },
    { url = "https://files.pythonhosted.org/packages/b4/01/543ce9ecaa8dd288b5bd830db221a1508b3662196022f001818f4de36ef3/whenever-0.9.3-cp313-cp313-macosx_10_12_x86_64.whl", hash = "sha256:4ace9aeb97f2b62442486daf7debf6967a62ffe5d1e8293f1cba690bea8fbbc3", size = 457297, upload-time = "2025-10-16T19:44:15.921Z" },
    { url = "https://files.pythonhosted.org/packages/7b/d7/d89a6f1b1ea4a2768c813443d7be007377402fa0db99c62c393965165159/whenever-0.9.3-cp313-cp313-macosx_11_0_arm64.whl", hash = "sha256:01dcd44c16c910ed99a2960df9e591fb3bb7c7ced7cfe93640b74d79957e117b", size = 430008, upload-time = "2025-10-16T19:44:07.25Z" },
    { url = "https://files.pythonhosted.org/packages/c0/ed/80080d1b9bf5bfa2458691d2c97ac50132ea6ab1ac87b36b1e0d5435a8e9/whenever-0.9.3-cp313-cp313-manylinux_2_17_aarch64.manylinux2014_aarch64.whl", hash = "sha256:3fdecc368809f1b6103247785edc4350c1aabb99da79d6b788d55d3b6969f494", size = 447873, upload-time = "2025-10-16T19:42:39.674Z" },
    { url = "https://files.pythonhosted.org/packages/2d/92/316bc3cade4e781199f0483b30f5337c851d193cbe4269f5e1008f58a37b/whenever-0.9.3-cp313-cp313-manylinux_2_17_armv7l.manylinux2014_armv7l.whl", hash = "sha256:4558c7512a2e81cdfaa658c37e3d6380a64b5d9b19d31fc81433f4dd6c77eb02", size = 495189, upload-time = "2025-10-16T19:42:57.461Z" },
    { url = "https://files.pythonhosted.org/packages/12/22/fe521e469d91c8436c5ed57cbee7f5b79e8e389863724b7c4d3d6f6f1834/whenever-0.9.3-cp313-cp313-manylinux_2_17_ppc64le.manylinux2014_ppc64le.whl", hash = "sha256:33c44afb784af1c1d49394adc10bc563430a2f43f2ea3cfbd0add4ffed6d073d", size = 489191, upload-time = "2025-10-16T19:43:14.847Z" },
    { url = "https://files.pythonhosted.org/packages/e1/ca/8e3a1fd4ff8dfeac17de2b3a8ca04f5da2de1e689016f4e5775649cab425/whenever-0.9.3-cp313-cp313-manylinux_2_17_s390x.manylinux2014_s390x.whl", hash = "sha256:d2674b5be8c3d4cf436fc6a83487c3d6c1aecfd382a8684441eb786e6188feac", size = 519736, upload-time = "2025-10-16T19:43:23.397Z" },
    { url = "https://files.pythonhosted.org/packages/5c/55/238408391f365958286ec2038ff9d2a05959595703d2980cd635a2d846f5/whenever-0.9.3-cp313-cp313-manylinux_2_17_x86_64.manylinux2014_x86_64.whl", hash = "sha256:1d91016f4eef16b8cb407bb82d6db1567c8910f32e1658601893f43983f76d63", size = 479003, upload-time = "2025-10-16T19:43:49.793Z" },
    { url = "https://files.pythonhosted.org/packages/e6/31/f88049209533d7410fe260671f1bdbac6cb0f312687c4358dbfcd0e39aca/whenever-0.9.3-cp313-cp313-manylinux_2_5_i686.manylinux1_i686.whl", hash = "sha256:a4907d1be23e3733880e12ad5b8b531cfebaab8e91c40f10eee7f505d43e584f", size = 517910, upload-time = "2025-10-16T19:43:31.156Z" },
    { url = "https://files.pythonhosted.org/packages/73/83/4fac892a01d50b2039699ccddf8f9a35487f5b50b693aea30d087f308f43/whenever-0.9.3-cp313-cp313-musllinux_1_2_aarch64.whl", hash = "sha256:7cde6cc29afc5df4e4d942422eaabafe71700e6dae9c453c5086ce19f738c4e0", size = 626366, upload-time = "2025-10-16T19:42:49.843Z" },
    { url = "https://files.pythonhosted.org/packages/f0/bc/f277b2b980c4160be3f6ef51045bdb1b1ac7ec567c14867d17327130cc95/whenever-0.9.3-cp313-cp313-musllinux_1_2_armv7l.whl", hash = "sha256:5119d80bdbc8b9512c6abaaf0304c49c75ce2c25a043df2e3e1c50244b809300", size = 759918, upload-time = "2025-10-16T19:43:06.808Z" },
    { url = "https://files.pythonhosted.org/packages/07/6e/1a8a6074388b730d8d85cd73e916efc8c185396da7c8502e22e8a9da0ee3/whenever-0.9.3-cp313-cp313-musllinux_1_2_i686.whl", hash = "sha256:6df53862974feb711377fdcf9c31ce0668f86065e8b7b591ced3e3e8dbaa440a", size = 690300, upload-time = "2025-10-16T19:43:40.558Z" },
    { url = "https://files.pythonhosted.org/packages/d8/44/28ce2dca9293c1c7533665bc8669918c0a5618ed5c101766b9ad08887bb3/whenever-0.9.3-cp313-cp313-musllinux_1_2_x86_64.whl", hash = "sha256:57bca91312d5d6efdf6c58bfe2190ca6837b64096ed23e6f14acfe0e3d73d129", size = 650040, upload-time = "2025-10-16T19:43:58.41Z" },
    { url = "https://files.pythonhosted.org/packages/ec/9f/328c44ce32a7ea586d16514d07e4a7ebce3586a8a6b08027851cf7b470cf/whenever-0.9.3-cp313-cp313-win32.whl", hash = "sha256:ca6b11f41ab93d6bd9db94e367ef06f27f5ce2fc76b077f9d2cb4bcb09cdcf4a", size = 414101, upload-time = "2025-10-16T19:44:25.152Z" },
    { url = "https://files.pythonhosted.org/packages/7d/8d/70ed8ad284cf228d5ae89a6d3d99f21ccc78b270e8ddea4a0ca4575c5185/whenever-0.9.3-cp313-cp313-win_amd64.whl", hash = "sha256:c075bad2f67e9c5b561b9643b44b396cb7bb6c5764f1f7d846755ebe9e215574", size = 422869, upload-time = "2025-10-16T19:44:34.595Z" },
    { url = "https://files.pythonhosted.org/packages/53/43/84d2eb1dea42be651d74dda1f6c432b61a389784b47b2b8be70b9c6d5c1b/whenever-0.9.3-cp314-cp314-macosx_10_12_x86_64.whl", hash = "sha256:71a07a748c8a48f952b0d5a80502911d6b3c553030214fb289e4527949382231", size = 458989, upload-time = "2025-10-16T19:44:17.082Z" },
    { url = "https://files.pythonhosted.org/packages/5e/a9/082c396b4cb41b93333852cefbc44b9a59640f147d74f3b23391fe566c0a/whenever-0.9.3-cp314-cp314-macosx_11_0_arm64.whl", hash = "sha256:3dba58f009a2d127875410af9e8296958875257ca22889961a5ba51655364bbd", size = 431683, upload-time = "2025-10-16T19:44:08.841Z" },
    { url = "https://files.pythonhosted.org/packages/6a/b2/e91e04d7d1e914f36e46e127145bcf2fd4fb7cc8b0323603549b022c1daa/whenever-0.9.3-cp314-cp314-manylinux_2_17_aarch64.manylinux2014_aarch64.whl", hash = "sha256:3d75a4c8f58f1a36be812aec838d779266ae30a954d690d6e362c3a52ac9e1c5", size = 449103, upload-time = "2025-10-16T19:42:40.768Z" },
    { url = "https://files.pythonhosted.org/packages/86/20/c5938823111ed750e18dae2fc664d7d82d430a45cda7c5ac431d857e2e33/whenever-0.9.3-cp314-cp314-manylinux_2_17_armv7l.manylinux2014_armv7l.whl", hash = "sha256:07309b9f77380e5564ff7d7ab47d0ea041ecc8465d67e747a5fa17f5b9f817fb", size = 496227, upload-time = "2025-10-16T19:42:58.799Z" },
    { url = "https://files.pythonhosted.org/packages/af/6a/f78d191ce5eac1ec6ee1e025a8f61c4062da91ed2ffdb456d0a7af639167/whenever-0.9.3-cp314-cp314-manylinux_2_17_ppc64le.manylinux2014_ppc64le.whl", hash = "sha256:5ec5bf917a8df32b7ec497c9f40a445f12d2f1135862d1ca0cd889168088645e", size = 489542, upload-time = "2025-10-16T19:43:16.406Z" },
    { url = "https://files.pythonhosted.org/packages/7a/62/a2db36a62be81701f05392513251412e55d67c4fe75c414c1c278cdc9031/whenever-0.9.3-cp314-cp314-manylinux_2_17_s390x.manylinux2014_s390x.whl", hash = "sha256:434a357bf50542e1478fdaf9c3025e11d072a22d1050a4969a9cad66b12c5734", size = 520663, upload-time = "2025-10-16T19:43:24.512Z" },
    { url = "https://files.pythonhosted.org/packages/cd/3d/d4d0b324eda1120d309dcd9cbbffca633e677781e08b14f27635041e7aa2/whenever-0.9.3-cp314-cp314-manylinux_2_17_x86_64.manylinux2014_x86_64.whl", hash = "sha256:61b49c8e66044e9f15f1e64b5091f3efe79eb7329a2a1a02e707a8ad98f7cf2b", size = 481155, upload-time = "2025-10-16T19:43:51.625Z" },
    { url = "https://files.pythonhosted.org/packages/67/7c/15bf5d01e31c841ad17042b30a000010bea2ac0744f98b30872fd9b3c3fa/whenever-0.9.3-cp314-cp314-manylinux_2_5_i686.manylinux1_i686.whl", hash = "sha256:bc84c74fae6ab50f7b8c9e1e740e49e177eac8a16395b6bcbf260be59999e35d", size = 519631, upload-time = "2025-10-16T19:43:33.279Z" },
    { url = "https://files.pythonhosted.org/packages/dc/79/c6c5671e6d393e81c84b5cc843941ae756479abef092f02df219604fff7f/whenever-0.9.3-cp314-cp314-musllinux_1_2_aarch64.whl", hash = "sha256:067e9b26b2c1114a18272f96b2cf9c3bd8200dd1d3a93498387b9c8067c15ac2", size = 627480, upload-time = "2025-10-16T19:42:51.115Z" },
    { url = "https://files.pythonhosted.org/packages/e9/8d/bbd22e3540360a1ea871bcc07c5af2c5ba71e6c54c7cf762805df79d76f0/whenever-0.9.3-cp314-cp314-musllinux_1_2_armv7l.whl", hash = "sha256:24e8584f43d7cc99b1bc89e9db748990d098a13fa56c11285ca50e8a1d745ceb", size = 760930, upload-time = "2025-10-16T19:43:07.783Z" },
    { url = "https://files.pythonhosted.org/packages/45/f7/957ca2b38e40be0ed721cbef2cb2df3bbaf0767c253408f14f41901fec49/whenever-0.9.3-cp314-cp314-musllinux_1_2_i686.whl", hash = "sha256:79c9296d0c040da5eb350e0e61682f36169fc0c63c1545ca1d0505f6c4a9f64b", size = 691669, upload-time = "2025-10-16T19:43:41.637Z" },
    { url = "https://files.pythonhosted.org/packages/04/9b/0719c857dc4e39b738fe185a3f5b201bfa566fe5d5d41fe34e8746e7736a/whenever-0.9.3-cp314-cp314-musllinux_1_2_x86_64.whl", hash = "sha256:f99be7de17f590c94be895e626377afe0b27049f2ac705390edc089bcfe9cce1", size = 652410, upload-time = "2025-10-16T19:43:59.567Z" },
    { url = "https://files.pythonhosted.org/packages/0c/95/504330d21987beed1504dd4e00528391180574619f467e381ceaa487f34d/whenever-0.9.3-cp314-cp314-win32.whl", hash = "sha256:564ed0ac5b71d2350aefa2f15d99f569380f39b78b15cf85ffd8aad95a660d5b", size = 415644, upload-time = "2025-10-16T19:44:27.068Z" },
    { url = "https://files.pythonhosted.org/packages/2a/7a/1a82153345fd66698d34c9fc40ceac92ad32f99c307da6e8cb29d6298a40/whenever-0.9.3-cp314-cp314-win_amd64.whl", hash = "sha256:b2a5ccbcf6bd9808b56c46b4f2b5a5a20ff08a61b0fef3ddf8822095e4850979", size = 425159, upload-time = "2025-10-16T19:44:36.366Z" },
    { url = "https://files.pythonhosted.org/packages/bf/7b/d2eb5e65f0c892ffe7fe0658861b7797368a056829b8e7b2af3ba3598260/whenever-0.9.3-py3-none-any.whl", hash = "sha256:fea97d1b6645837a608c593bcca94d70d7edbfe66ce442edc5455fcc3b659284", size = 64404, upload-time = "2025-10-16T19:44:39.656Z" },
]
